
Microsoft Visual Studio Solution File, Format Version 12.00
# Visual Studio Version 16
VisualStudioVersion = 16.0.30320.27
MinimumVisualStudioVersion = 10.0.40219.1
Project("{9A19103F-16F7-4668-BE54-9A1E7A4F7556}") = "Metotlar", "Metotlar\Metotlar.csproj", "{39D68A2C-50F3-4156-AB6C-6B92A897CB2E}"
EndProject
Project("{9A19103F-16F7-4668-BE54-9A1E7A4F7556}") = "Matematik", "Matematik\Matematik.csproj", "{B973E80F-BDCE-471E-90FC-000579780463}"
EndProject
Project("{9A19103F-16F7-4668-BE54-9A1E7A4F7556}") = "DegerReferansTipler", "DegerReferansTipler\DegerReferansTipler.csproj", "{0B68C4DC-8F3E-467C-BECF-4C967D253994}"
EndProject
Project("{FAE04EC0-301F-11D3-BF4B-00C04F79EFBC}") = "OOP1", "OOP1\OOP1.csproj", "{4083C186-85FD-4693-BAC7-0A5C344BEBD9}"
EndProject
Project("{FAE04EC0-301F-11D3-BF4B-00C04F79EFBC}") = "Koleksiyonlar", "Koleksiyonlar\Koleksiyonlar.csproj", "{B4A0D845-7E6A-443E-B8C2-1CA7103BF853}"
EndProject
Project("{FAE04EC0-301F-11D3-BF4B-00C04F79EFBC}") = "GenericsIntro", "GenericsIntro\GenericsIntro.csproj", "{F714EDF6-EC94-4F9A-A910-154517991B5F}"
EndProject
Global
	GlobalSection(SolutionConfigurationPlatforms) = preSolution
		Debug|Any CPU = Debug|Any CPU
		Release|Any CPU = Release|Any CPU
	EndGlobalSection
	GlobalSection(ProjectConfigurationPlatforms) = postSolution
		{39D68A2C-50F3-4156-AB6C-6B92A897CB2E}.Debug|Any CPU.ActiveCfg = Debug|Any CPU
		{39D68A2C-50F3-4156-AB6C-6B92A897CB2E}.Debug|Any CPU.Build.0 = Debug|Any CPU
		{39D68A2C-50F3-4156-AB6C-6B92A897CB2E}.Release|Any CPU.ActiveCfg = Release|Any CPU
		{39D68A2C-50F3-4156-AB6C-6B92A897CB2E}.Release|Any CPU.Build.0 = Release|Any CPU
		{B973E80F-BDCE-471E-90FC-000579780463}.Debug|Any CPU.ActiveCfg = Debug|Any CPU
		{B973E80F-BDCE-471E-90FC-000579780463}.Debug|Any CPU.Build.0 = Debug|Any CPU
		{B973E80F-BDCE-471E-90FC-000579780463}.Release|Any CPU.ActiveCfg = Release|Any CPU
		{B973E80F-BDCE-471E-90FC-000579780463}.Release|Any CPU.Build.0 = Release|Any CPU
		{0B68C4DC-8F3E-467C-BECF-4C967D253994}.Debug|Any CPU.ActiveCfg = Debug|Any CPU
		{0B68C4DC-8F3E-467C-BECF-4C967D253994}.Debug|Any CPU.Build.0 = Debug|Any CPU
		{0B68C4DC-8F3E-467C-BECF-4C967D253994}.Release|Any CPU.ActiveCfg = Release|Any CPU
		{0B68C4DC-8F3E-467C-BECF-4C967D253994}.Release|Any CPU.Build.0 = Release|Any CPU
		{4083C186-85FD-4693-BAC7-0A5C344BEBD9}.Debug|Any CPU.ActiveCfg = Debug|Any CPU
		{4083C186-85FD-4693-BAC7-0A5C344BEBD9}.Debug|Any CPU.Build.0 = Debug|Any CPU
		{4083C186-85FD-4693-BAC7-0A5C344BEBD9}.Release|Any CPU.ActiveCfg = Release|Any CPU
		{4083C186-85FD-4693-BAC7-0A5C344BEBD9}.Release|Any CPU.Build.0 = Release|Any CPU
		{B4A0D845-7E6A-443E-B8C2-1CA7103BF853}.Debug|Any CPU.ActiveCfg = Debug|Any CPU
		{B4A0D845-7E6A-443E-B8C2-1CA7103BF853}.Debug|Any CPU.Build.0 = Debug|Any CPU
		{B4A0D845-7E6A-443E-B8C2-1CA7103BF853}.Release|Any CPU.ActiveCfg = Release|Any CPU
		{B4A0D845-7E6A-443E-B8C2-1CA7103BF853}.Release|Any CPU.Build.0 = Release|Any CPU
		{F714EDF6-EC94-4F9A-A910-154517991B5F}.Debug|Any CPU.ActiveCfg = Debug|Any CPU
		{F714EDF6-EC94-4F9A-A910-154517991B5F}.Debug|Any CPU.Build.0 = Debug|Any CPU
		{F714EDF6-EC94-4F9A-A910-154517991B5F}.Release|Any CPU.ActiveCfg = Release|Any CPU
		{F714EDF6-EC94-4F9A-A910-154517991B5F}.Release|Any CPU.Build.0 = Release|Any CPU
	EndGlobalSection
	GlobalSection(SolutionProperties) = preSolution
		HideSolutionNode = FALSE
	EndGlobalSection
	GlobalSection(ExtensibilityGlobals) = postSolution
		SolutionGuid = {8BA59BBC-6355-497B-B0A8-A7BFF23B72E4}
	EndGlobalSection
EndGlobal
